
Microsoft Visual Studio Solution File, Format Version 12.00
# Visual Studio Version 17
VisualStudioVersion = 17.11.35327.3
MinimumVisualStudioVersion = 10.0.40219.1
Project("{2150E333-8FDC-42A3-9474-1A3956D46DE8}") = "Api", "Api", "{02517773-E81A-4EEA-9359-045CD801542C}"
EndProject
Project("{9A19103F-16F7-4668-BE54-9A1E7A4F7556}") = "CalculoCDB.API", "CalculoCDB.Host\CalculoCDB.API.csproj", "{26603CE9-C87A-487F-BF67-9B07F9F30FB2}"
EndProject
Project("{9A19103F-16F7-4668-BE54-9A1E7A4F7556}") = "CalculoCDB.Test", "CalculoCDB.Test\CalculoCDB.Test.csproj", "{D038E730-8126-4262-8F81-C050CA66BC84}"
EndProject
Global
	GlobalSection(SolutionConfigurationPlatforms) = preSolution
		Debug|Any CPU = Debug|Any CPU
		Release|Any CPU = Release|Any CPU
	EndGlobalSection
	GlobalSection(ProjectConfigurationPlatforms) = postSolution
		{26603CE9-C87A-487F-BF67-9B07F9F30FB2}.Debug|Any CPU.ActiveCfg = Debug|Any CPU
		{26603CE9-C87A-487F-BF67-9B07F9F30FB2}.Debug|Any CPU.Build.0 = Debug|Any CPU
		{26603CE9-C87A-487F-BF67-9B07F9F30FB2}.Release|Any CPU.ActiveCfg = Release|Any CPU
		{26603CE9-C87A-487F-BF67-9B07F9F30FB2}.Release|Any CPU.Build.0 = Release|Any CPU
		{D038E730-8126-4262-8F81-C050CA66BC84}.Debug|Any CPU.ActiveCfg = Debug|Any CPU
		{D038E730-8126-4262-8F81-C050CA66BC84}.Debug|Any CPU.Build.0 = Debug|Any CPU
		{D038E730-8126-4262-8F81-C050CA66BC84}.Release|Any CPU.ActiveCfg = Release|Any CPU
		{D038E730-8126-4262-8F81-C050CA66BC84}.Release|Any CPU.Build.0 = Release|Any CPU
	EndGlobalSection
	GlobalSection(SolutionProperties) = preSolution
		HideSolutionNode = FALSE
	EndGlobalSection
	GlobalSection(NestedProjects) = preSolution
		{26603CE9-C87A-487F-BF67-9B07F9F30FB2} = {02517773-E81A-4EEA-9359-045CD801542C}
		{D038E730-8126-4262-8F81-C050CA66BC84} = {02517773-E81A-4EEA-9359-045CD801542C}
	EndGlobalSection
	GlobalSection(ExtensibilityGlobals) = postSolution
		SolutionGuid = {DE0DD13F-BF22-4B1C-BD41-7E6A8FE6374A}
	EndGlobalSection
EndGlobal
